
Microsoft Visual Studio Solution File, Format Version 12.00
# Visual Studio Version 17
VisualStudioVersion = 17.11.35222.181
MinimumVisualStudioVersion = 10.0.40219.1
Project("{F184B08F-C81C-45F6-A57F-5ABD9991F28F}") = "exercise", "exercise.vbproj", "{FB04AE03-9FA2-4CA4-A02F-26256F09EEF2}"
EndProject
Global
	GlobalSection(SolutionConfigurationPlatforms) = preSolution
		Debug|Any CPU = Debug|Any CPU
		Release|Any CPU = Release|Any CPU
	EndGlobalSection
	GlobalSection(ProjectConfigurationPlatforms) = postSolution
		{FB04AE03-9FA2-4CA4-A02F-26256F09EEF2}.Debug|Any CPU.ActiveCfg = Debug|Any CPU
		{FB04AE03-9FA2-4CA4-A02F-26256F09EEF2}.Debug|Any CPU.Build.0 = Debug|Any CPU
		{FB04AE03-9FA2-4CA4-A02F-26256F09EEF2}.Release|Any CPU.ActiveCfg = Release|Any CPU
		{FB04AE03-9FA2-4CA4-A02F-26256F09EEF2}.Release|Any CPU.Build.0 = Release|Any CPU
	EndGlobalSection
	GlobalSection(SolutionProperties) = preSolution
		HideSolutionNode = FALSE
	EndGlobalSection
	GlobalSection(ExtensibilityGlobals) = postSolution
		SolutionGuid = {234D0EE8-6492-4212-B8CB-EE6AACF7C075}
	EndGlobalSection
EndGlobal
